
Microsoft Visual Studio Solution File, Format Version 12.00
# Visual Studio 2012
Project("{FAE04EC0-301F-11D3-BF4B-00C04F79EFBC}") = "JsonValidatorExtensions", "JsonValidatorExtensions\JsonValidatorExtensions.csproj", "{B273938C-5882-44B5-808B-6A36E992D92E}"
EndProject
Project("{FAE04EC0-301F-11D3-BF4B-00C04F79EFBC}") = "JsonValidatorExtensionsExample.Web.NetCore", "JsonValidatorExtensionsExample.Web.NetCore\JsonValidatorExtensionsExample.Web.NetCore.csproj", "{3DF89493-4892-4205-ADE0-6C5EC9770461}"
EndProject
Global
	GlobalSection(SolutionConfigurationPlatforms) = preSolution
		Debug|Any CPU = Debug|Any CPU
		Release|Any CPU = Release|Any CPU
	EndGlobalSection
	GlobalSection(ProjectConfigurationPlatforms) = postSolution
		{B273938C-5882-44B5-808B-6A36E992D92E}.Debug|Any CPU.ActiveCfg = Debug|Any CPU
		{B273938C-5882-44B5-808B-6A36E992D92E}.Debug|Any CPU.Build.0 = Debug|Any CPU
		{B273938C-5882-44B5-808B-6A36E992D92E}.Release|Any CPU.ActiveCfg = Release|Any CPU
		{B273938C-5882-44B5-808B-6A36E992D92E}.Release|Any CPU.Build.0 = Release|Any CPU
		{3DF89493-4892-4205-ADE0-6C5EC9770461}.Debug|Any CPU.ActiveCfg = Debug|Any CPU
		{3DF89493-4892-4205-ADE0-6C5EC9770461}.Debug|Any CPU.Build.0 = Debug|Any CPU
		{3DF89493-4892-4205-ADE0-6C5EC9770461}.Release|Any CPU.ActiveCfg = Release|Any CPU
		{3DF89493-4892-4205-ADE0-6C5EC9770461}.Release|Any CPU.Build.0 = Release|Any CPU
	EndGlobalSection
EndGlobal
